// !$*UTF8*$!
{
	archiveVersion = 1;
	classes = {
	};
	objectVersion = 48;
	objects = {

/* Begin PBXBuildFile section */
		EE4C286D1F4741D50039BC2D /* main.swift in Sources */ = {isa = PBXBuildFile; fileRef = EE4C286C1F4741D50039BC2D /* main.swift */; };
		EE4C287A1F4741F60039BC2D /* FlyingMonkeyTests.swift in Sources */ = {isa = PBXBuildFile; fileRef = EE4C28791F4741F60039BC2D /* FlyingMonkeyTests.swift */; };
		EE4C287F1F4742970039BC2D /* main.swift in Sources */ = {isa = PBXBuildFile; fileRef = EE4C286C1F4741D50039BC2D /* main.swift */; };
/* End PBXBuildFile section */

/* Begin PBXCopyFilesBuildPhase section */
		EE4C28671F4741D50039BC2D /* CopyFiles */ = {
			isa = PBXCopyFilesBuildPhase;
			buildActionMask = 2147483647;
			dstPath = /usr/share/man/man1/;
			dstSubfolderSpec = 0;
			files = (
			);
			runOnlyForDeploymentPostprocessing = 1;
		};
/* End PBXCopyFilesBuildPhase section */

/* Begin PBXFileReference section */
		EE4C28691F4741D50039BC2D /* FlyingMonkey */ = {isa = PBXFileReference; explicitFileType = "compiled.mach-o.executable"; includeInIndex = 0; path = FlyingMonkey; sourceTree = BUILT_PRODUCTS_DIR; };
		EE4C286C1F4741D50039BC2D /* main.swift */ = {isa = PBXFileReference; lastKnownFileType = sourcecode.swift; path = main.swift; sourceTree = "<group>"; };
		EE4C28771F4741F60039BC2D /* FlyingMonkeyTests.xctest */ = {isa = PBXFileReference; explicitFileType = wrapper.cfbundle; includeInIndex = 0; path = FlyingMonkeyTests.xctest; sourceTree = BUILT_PRODUCTS_DIR; };
		EE4C28791F4741F60039BC2D /* FlyingMonkeyTests.swift */ = {isa = PBXFileReference; lastKnownFileType = sourcecode.swift; path = FlyingMonkeyTests.swift; sourceTree = "<group>"; };
		EE4C287B1F4741F60039BC2D /* Info.plist */ = {isa = PBXFileReference; lastKnownFileType = text.plist.xml; path = Info.plist; sourceTree = "<group>"; };
/* End PBXFileReference section */

/* Begin PBXFrameworksBuildPhase section */
		EE4C28661F4741D50039BC2D /* Frameworks */ = {
			isa = PBXFrameworksBuildPhase;
			buildActionMask = 2147483647;
			files = (
			);
			runOnlyForDeploymentPostprocessing = 0;
		};
		EE4C28741F4741F60039BC2D /* Frameworks */ = {
			isa = PBXFrameworksBuildPhase;
			buildActionMask = 2147483647;
			files = (
			);
			runOnlyForDeploymentPostprocessing = 0;
		};
/* End PBXFrameworksBuildPhase section */

/* Begin PBXGroup section */
		EE4C28601F4741D40039BC2D = {
			isa = PBXGroup;
			children = (
				EE4C286B1F4741D50039BC2D /* FlyingMonkey */,
				EE4C28781F4741F60039BC2D /* FlyingMonkeyTests */,
				EE4C286A1F4741D50039BC2D /* Products */,
			);
			sourceTree = "<group>";
		};
		EE4C286A1F4741D50039BC2D /* Products */ = {
			isa = PBXGroup;
			children = (
				EE4C28691F4741D50039BC2D /* FlyingMonkey */,
				EE4C28771F4741F60039BC2D /* FlyingMonkeyTests.xctest */,
			);
			name = Products;
			sourceTree = "<group>";
		};
		EE4C286B1F4741D50039BC2D /* FlyingMonkey */ = {
			isa = PBXGroup;
			children = (
				EE4C286C1F4741D50039BC2D /* main.swift */,
			);
			path = FlyingMonkey;
			sourceTree = "<group>";
		};
		EE4C28781F4741F60039BC2D /* FlyingMonkeyTests */ = {
			isa = PBXGroup;
			children = (
				EE4C28791F4741F60039BC2D /* FlyingMonkeyTests.swift */,
				EE4C287B1F4741F60039BC2D /* Info.plist */,
			);
			path = FlyingMonkeyTests;
			sourceTree = "<group>";
		};
/* End PBXGroup section */

/* Begin PBXNativeTarget section */
		EE4C28681F4741D50039BC2D /* FlyingMonkey */ = {
			isa = PBXNativeTarget;
			buildConfigurationList = EE4C28701F4741D50039BC2D /* Build configuration list for PBXNativeTarget "FlyingMonkey" */;
			buildPhases = (
				EE4C28651F4741D50039BC2D /* Sources */,
				EE4C28661F4741D50039BC2D /* Frameworks */,
				EE4C28671F4741D50039BC2D /* CopyFiles */,
			);
			buildRules = (
			);
			dependencies = (
			);
			name = FlyingMonkey;
			productName = FlyingMonkey;
			productReference = EE4C28691F4741D50039BC2D /* FlyingMonkey */;
			productType = "com.apple.product-type.tool";
		};
		EE4C28761F4741F60039BC2D /* FlyingMonkeyTests */ = {
			isa = PBXNativeTarget;
			buildConfigurationList = EE4C287C1F4741F60039BC2D /* Build configuration list for PBXNativeTarget "FlyingMonkeyTests" */;
			buildPhases = (
				EE4C28731F4741F60039BC2D /* Sources */,
				EE4C28741F4741F60039BC2D /* Frameworks */,
				EE4C28751F4741F60039BC2D /* Resources */,
			);
			buildRules = (
			);
			dependencies = (
			);
			name = FlyingMonkeyTests;
			productName = FlyingMonkeyTests;
			productReference = EE4C28771F4741F60039BC2D /* FlyingMonkeyTests.xctest */;
			productType = "com.apple.product-type.bundle.unit-test";
		};
/* End PBXNativeTarget section */

/* Begin PBXProject section */
		EE4C28611F4741D40039BC2D /* Project object */ = {
			isa = PBXProject;
			attributes = {
				LastSwiftUpdateCheck = 0900;
				LastUpgradeCheck = 0900;
				ORGANIZATIONNAME = "Ahmad Alhashemi";
				TargetAttributes = {
					EE4C28681F4741D50039BC2D = {
						CreatedOnToolsVersion = 9.0;
					};
					EE4C28761F4741F60039BC2D = {
						CreatedOnToolsVersion = 9.0;
					};
				};
			};
			buildConfigurationList = EE4C28641F4741D40039BC2D /* Build configuration list for PBXProject "FlyingMonkey" */;
			compatibilityVersion = "Xcode 8.0";
			developmentRegion = en;
			hasScannedForEncodings = 0;
			knownRegions = (
				en,
			);
			mainGroup = EE4C28601F4741D40039BC2D;
			productRefGroup = EE4C286A1F4741D50039BC2D /* Products */;
			projectDirPath = "";
			projectRoot = "";
			targets = (
				EE4C28681F4741D50039BC2D /* FlyingMonkey */,
				EE4C28761F4741F60039BC2D /* FlyingMonkeyTests */,
			);
		};
/* End PBXProject section */

/* Begin PBXResourcesBuildPhase section */
		EE4C28751F4741F60039BC2D /* Resources */ = {
			isa = PBXResourcesBuildPhase;
			buildActionMask = 2147483647;
			files = (
			);
			runOnlyForDeploymentPostprocessing = 0;
		};
/* End PBXResourcesBuildPhase section */

/* Begin PBXSourcesBuildPhase section */
		EE4C28651F4741D50039BC2D /* Sources */ = {
			isa = PBXSourcesBuildPhase;
			buildActionMask = 2147483647;
			files = (
				EE4C286D1F4741D50039BC2D /* main.swift in Sources */,
			);
			runOnlyForDeploymentPostprocessing = 0;
		};
		EE4C28731F4741F60039BC2D /* Sources */ = {
			isa = PBXSourcesBuildPhase;
			buildActionMask = 2147483647;
			files = (
				EE4C287F1F4742970039BC2D /* main.swift in Sources */,
				EE4C287A1F4741F60039BC2D /* FlyingMonkeyTests.swift in Sources */,
			);
			runOnlyForDeploymentPostprocessing = 0;
		};
/* End PBXSourcesBuildPhase section */

/* Begin XCBuildConfiguration section */
		EE4C286E1F4741D50039BC2D /* Debug */ = {
			isa = XCBuildConfiguration;
			buildSettings = {
				ALWAYS_SEARCH_USER_PATHS = NO;
				CLANG_ANALYZER_NONNULL = YES;
				CLANG_ANALYZER_NUMBER_OBJECT_CONVERSION = YES_AGGRESSIVE;
				CLANG_CXX_LANGUAGE_STANDARD = "gnu++14";
				CLANG_CXX_LIBRARY = "libc++";
				CLANG_ENABLE_MODULES = YES;
				CLANG_ENABLE_OBJC_ARC = YES;
				CLANG_WARN_BLOCK_CAPTURE_AUTORELEASING = YES;
				CLANG_WARN_BOOL_CONVERSION = YES;
				CLANG_WARN_COMMA = YES;
				CLANG_WARN_CONSTANT_CONVERSION = YES;
				CLANG_WARN_DIRECT_OBJC_ISA_USAGE = YES_ERROR;
				CLANG_WARN_DOCUMENTATION_COMMENTS = YES;
				CLANG_WARN_EMPTY_BODY = YES;
				CLANG_WARN_ENUM_CONVERSION = YES;
				CLANG_WARN_INFINITE_RECURSION = YES;
				CLANG_WARN_INT_CONVERSION = YES;
				CLANG_WARN_NON_LITERAL_NULL_CONVERSION = YES;
				CLANG_WARN_OBJC_LITERAL_CONVERSION = YES;
				CLANG_WARN_OBJC_ROOT_CLASS = YES_ERROR;
				CLANG_WARN_RANGE_LOOP_ANALYSIS = YES;
				CLANG_WARN_STRICT_PROTOTYPES = YES;
				CLANG_WARN_SUSPICIOUS_MOVE = YES;
				CLANG_WARN_UNGUARDED_AVAILABILITY = YES_AGGRESSIVE;
				CLANG_WARN_UNREACHABLE_CODE = YES;
				CLANG_WARN__DUPLICATE_METHOD_MATCH = YES;
				CODE_SIGN_IDENTITY = "Mac Developer";
				COPY_PHASE_STRIP = NO;
				DEBUG_INFORMATION_FORMAT = dwarf;
				ENABLE_STRICT_OBJC_MSGSEND = YES;
				ENABLE_TESTABILITY = YES;
				GCC_C_LANGUAGE_STANDARD = gnu11;
				GCC_DYNAMIC_NO_PIC = NO;
				GCC_NO_COMMON_BLOCKS = YES;
				GCC_OPTIMIZATION_LEVEL = 0;
				GCC_PREPROCESSOR_DEFINITIONS = (
					"DEBUG=1",
					"$(inherited)",
				);
				GCC_WARN_64_TO_32_BIT_CONVERSION = YES;
				GCC_WARN_ABOUT_RETURN_TYPE = YES_ERROR;
				GCC_WARN_UNDECLARED_SELECTOR = YES;
				GCC_WARN_UNINITIALIZED_AUTOS = YES_AGGRESSIVE;
				GCC_WARN_UNUSED_FUNCTION = YES;
				GCC_WARN_UNUSED_VARIABLE = YES;
				MACOSX_DEPLOYMENT_TARGET = 10.12;
				MTL_ENABLE_DEBUG_INFO = YES;
				ONLY_ACTIVE_ARCH = YES;
				SDKROOT = macosx;
				SWIFT_ACTIVE_COMPILATION_CONDITIONS = DEBUG;
				SWIFT_OPTIMIZATION_LEVEL = "-Onone";
			};
			name = Debug;
		};
		EE4C286F1F4741D50039BC2D /* Release */ = {
			isa = XCBuildConfiguration;
			buildSettings = {
				ALWAYS_SEARCH_USER_PATHS = NO;
				CLANG_ANALYZER_NONNULL = YES;
				CLANG_ANALYZER_NUMBER_OBJECT_CONVERSION = YES_AGGRESSIVE;
				CLANG_CXX_LANGUAGE_STANDARD = "gnu++14";
				CLANG_CXX_LIBRARY = "libc++";
				CLANG_ENABLE_MODULES = YES;
				CLANG_ENABLE_OBJC_ARC = YES;
				CLANG_WARN_BLOCK_CAPTURE_AUTORELEASING = YES;
				CLANG_WARN_BOOL_CONVERSION = YES;
				CLANG_WARN_COMMA = YES;
				CLANG_WARN_CONSTANT_CONVERSION = YES;
				CLANG_WARN_DIRECT_OBJC_ISA_USAGE = YES_ERROR;
				CLANG_WARN_DOCUMENTATION_COMMENTS = YES;
				CLANG_WARN_EMPTY_BODY = YES;
				CLANG_WARN_ENUM_CONVERSION = YES;
				CLANG_WARN_INFINITE_RECURSION = YES;
				CLANG_WARN_INT_CONVERSION = YES;
				CLANG_WARN_NON_LITERAL_NULL_CONVERSION = YES;
				CLANG_WARN_OBJC_LITERAL_CONVERSION = YES;
				CLANG_WARN_OBJC_ROOT_CLASS = YES_ERROR;
				CLANG_WARN_RANGE_LOOP_ANALYSIS = YES;
				CLANG_WARN_STRICT_PROTOTYPES = YES;
				CLANG_WARN_SUSPICIOUS_MOVE = YES;
				CLANG_WARN_UNGUARDED_AVAILABILITY = YES_AGGRESSIVE;
				CLANG_WARN_UNREACHABLE_CODE = YES;
				CLANG_WARN__DUPLICATE_METHOD_MATCH = YES;
				CODE_SIGN_IDENTITY = "Mac Developer";
				COPY_PHASE_STRIP = NO;
				DEBUG_INFORMATION_FORMAT = "dwarf-with-dsym";
				ENABLE_NS_ASSERTIONS = NO;
				ENABLE_STRICT_OBJC_MSGSEND = YES;
				GCC_C_LANGUAGE_STANDARD = gnu11;
				GCC_NO_COMMON_BLOCKS = YES;
				GCC_WARN_64_TO_32_BIT_CONVERSION = YES;
				GCC_WARN_ABOUT_RETURN_TYPE = YES_ERROR;
				GCC_WARN_UNDECLARED_SELECTOR = YES;
				GCC_WARN_UNINITIALIZED_AUTOS = YES_AGGRESSIVE;
				GCC_WARN_UNUSED_FUNCTION = YES;
				GCC_WARN_UNUSED_VARIABLE = YES;
				MACOSX_DEPLOYMENT_TARGET = 10.12;
				MTL_ENABLE_DEBUG_INFO = NO;
				SDKROOT = macosx;
				SWIFT_OPTIMIZATION_LEVEL = "-Owholemodule";
			};
			name = Release;
		};
		EE4C28711F4741D50039BC2D /* Debug */ = {
			isa = XCBuildConfiguration;
			buildSettings = {
				DEVELOPMENT_TEAM = 786B43Q634;
				PRODUCT_NAME = "$(TARGET_NAME)";
				SWIFT_VERSION = 4.0;
			};
			name = Debug;
		};
		EE4C28721F4741D50039BC2D /* Release */ = {
			isa = XCBuildConfiguration;
			buildSettings = {
				DEVELOPMENT_TEAM = 786B43Q634;
				PRODUCT_NAME = "$(TARGET_NAME)";
				SWIFT_VERSION = 4.0;
			};
			name = Release;
		};
		EE4C287D1F4741F60039BC2D /* Debug */ = {
			isa = XCBuildConfiguration;
			buildSettings = {
				COMBINE_HIDPI_IMAGES = YES;
				DEVELOPMENT_TEAM = 786B43Q634;
				INFOPLIST_FILE = FlyingMonkeyTests/Info.plist;
				LD_RUNPATH_SEARCH_PATHS = "$(inherited) @executable_path/../Frameworks @loader_path/../Frameworks";
				PRODUCT_BUNDLE_IDENTIFIER = md.hashemi.FlyingMonkeyTests;
				PRODUCT_NAME = "$(TARGET_NAME)";
				SWIFT_VERSION = 4.0;
			};
			name = Debug;
		};
		EE4C287E1F4741F60039BC2D /* Release */ = {
			isa = XCBuildConfiguration;
			buildSettings = {
				COMBINE_HIDPI_IMAGES = YES;
				DEVELOPMENT_TEAM = 786B43Q634;
				INFOPLIST_FILE = FlyingMonkeyTests/Info.plist;
				LD_RUNPATH_SEARCH_PATHS = "$(inherited) @executable_path/../Frameworks @loader_path/../Frameworks";
				PRODUCT_BUNDLE_IDENTIFIER = md.hashemi.FlyingMonkeyTests;
				PRODUCT_NAME = "$(TARGET_NAME)";
				SWIFT_VERSION = 4.0;
			};
			name = Release;
		};
/* End XCBuildConfiguration section */

/* Begin XCConfigurationList section */
		EE4C28641F4741D40039BC2D /* Build configuration list for PBXProject "FlyingMonkey" */ = {
			isa = XCConfigurationList;
			buildConfigurations = (
				EE4C286E1F4741D50039BC2D /* Debug */,
				EE4C286F1F4741D50039BC2D /* Release */,
			);
			defaultConfigurationIsVisible = 0;
			defaultConfigurationName = Release;
		};
		EE4C28701F4741D50039BC2D /* Build configuration list for PBXNativeTarget "FlyingMonkey" */ = {
			isa = XCConfigurationList;
			buildConfigurations = (
				EE4C28711F4741D50039BC2D /* Debug */,
				EE4C28721F4741D50039BC2D /* Release */,
			);
			defaultConfigurationIsVisible = 0;
			defaultConfigurationName = Release;
		};
		EE4C287C1F4741F60039BC2D /* Build configuration list for PBXNativeTarget "FlyingMonkeyTests" */ = {
			isa = XCConfigurationList;
			buildConfigurations = (
				EE4C287D1F4741F60039BC2D /* Debug */,
				EE4C287E1F4741F60039BC2D /* Release */,
			);
			defaultConfigurationIsVisible = 0;
			defaultConfigurationName = Release;
		};
/* End XCConfigurationList section */
	};
	rootObject = EE4C28611F4741D40039BC2D /* Project object */;
}
